
Microsoft Visual Studio Solution File, Format Version 12.00
# Visual Studio Version 17
VisualStudioVersion = 17.2.32616.157
MinimumVisualStudioVersion = 10.0.40219.1
Project("{FAE04EC0-301F-11D3-BF4B-00C04F79EFBC}") = "StudentProjectServer", "StudentProjectServer\StudentProjectServer.csproj", "{5DC434FD-A904-40B1-983F-D58CF6FAA6F0}"
EndProject
Project("{FAE04EC0-301F-11D3-BF4B-00C04F79EFBC}") = "DAL", "DLL\DAL.csproj", "{5EC906FC-AABF-42A4-AE78-076A127F8B03}"
EndProject
Project("{FAE04EC0-301F-11D3-BF4B-00C04F79EFBC}") = "BLL", "BLL\BLL.csproj", "{824F8553-9716-4AC4-BE18-B798FC199787}"
EndProject
Project("{FAE04EC0-301F-11D3-BF4B-00C04F79EFBC}") = "DTO", "DTO\DTO.csproj", "{3E8DC448-2315-4CBE-82D3-6EDFBA9A1C8C}"
EndProject
Global
	GlobalSection(SolutionConfigurationPlatforms) = preSolution
		Debug|Any CPU = Debug|Any CPU
		Release|Any CPU = Release|Any CPU
	EndGlobalSection
	GlobalSection(ProjectConfigurationPlatforms) = postSolution
		{5DC434FD-A904-40B1-983F-D58CF6FAA6F0}.Debug|Any CPU.ActiveCfg = Debug|Any CPU
		{5DC434FD-A904-40B1-983F-D58CF6FAA6F0}.Debug|Any CPU.Build.0 = Debug|Any CPU
		{5DC434FD-A904-40B1-983F-D58CF6FAA6F0}.Release|Any CPU.ActiveCfg = Release|Any CPU
		{5DC434FD-A904-40B1-983F-D58CF6FAA6F0}.Release|Any CPU.Build.0 = Release|Any CPU
		{5EC906FC-AABF-42A4-AE78-076A127F8B03}.Debug|Any CPU.ActiveCfg = Debug|Any CPU
		{5EC906FC-AABF-42A4-AE78-076A127F8B03}.Debug|Any CPU.Build.0 = Debug|Any CPU
		{5EC906FC-AABF-42A4-AE78-076A127F8B03}.Release|Any CPU.ActiveCfg = Release|Any CPU
		{5EC906FC-AABF-42A4-AE78-076A127F8B03}.Release|Any CPU.Build.0 = Release|Any CPU
		{824F8553-9716-4AC4-BE18-B798FC199787}.Debug|Any CPU.ActiveCfg = Debug|Any CPU
		{824F8553-9716-4AC4-BE18-B798FC199787}.Debug|Any CPU.Build.0 = Debug|Any CPU
		{824F8553-9716-4AC4-BE18-B798FC199787}.Release|Any CPU.ActiveCfg = Release|Any CPU
		{824F8553-9716-4AC4-BE18-B798FC199787}.Release|Any CPU.Build.0 = Release|Any CPU
		{3E8DC448-2315-4CBE-82D3-6EDFBA9A1C8C}.Debug|Any CPU.ActiveCfg = Debug|Any CPU
		{3E8DC448-2315-4CBE-82D3-6EDFBA9A1C8C}.Debug|Any CPU.Build.0 = Debug|Any CPU
		{3E8DC448-2315-4CBE-82D3-6EDFBA9A1C8C}.Release|Any CPU.ActiveCfg = Release|Any CPU
		{3E8DC448-2315-4CBE-82D3-6EDFBA9A1C8C}.Release|Any CPU.Build.0 = Release|Any CPU
	EndGlobalSection
	GlobalSection(SolutionProperties) = preSolution
		HideSolutionNode = FALSE
	EndGlobalSection
	GlobalSection(ExtensibilityGlobals) = postSolution
		SolutionGuid = {9B439D6A-E0CD-4AC0-9733-EF3ED3F11036}
	EndGlobalSection
EndGlobal
